
Microsoft Visual Studio Solution File, Format Version 12.00
# Visual Studio Version 16
VisualStudioVersion = 16.0.29102.190
MinimumVisualStudioVersion = 10.0.40219.1
Project("{FAE04EC0-301F-11D3-BF4B-00C04F79EFBC}") = "DataBase", "DataBase\DataBase.csproj", "{39BED164-99B7-430D-A7DC-FBD9C46E1CD7}"
EndProject
Global
	GlobalSection(SolutionConfigurationPlatforms) = preSolution
		Debug|Any CPU = Debug|Any CPU
		Release|Any CPU = Release|Any CPU
	EndGlobalSection
	GlobalSection(ProjectConfigurationPlatforms) = postSolution
		{39BED164-99B7-430D-A7DC-FBD9C46E1CD7}.Debug|Any CPU.ActiveCfg = Debug|Any CPU
		{39BED164-99B7-430D-A7DC-FBD9C46E1CD7}.Debug|Any CPU.Build.0 = Debug|Any CPU
		{39BED164-99B7-430D-A7DC-FBD9C46E1CD7}.Release|Any CPU.ActiveCfg = Release|Any CPU
		{39BED164-99B7-430D-A7DC-FBD9C46E1CD7}.Release|Any CPU.Build.0 = Release|Any CPU
	EndGlobalSection
	GlobalSection(SolutionProperties) = preSolution
		HideSolutionNode = FALSE
	EndGlobalSection
	GlobalSection(ExtensibilityGlobals) = postSolution
		SolutionGuid = {487C46AD-D150-4AFA-BFA7-0312BB12C1F2}
	EndGlobalSection
EndGlobal
